Microsoft Visual Studio Solution File, Format Version 12.00
# Visual Studio 15
VisualStudioVersion = 15.0.26730.3
MinimumVisualStudioVersion = 10.0.40219.1
Project("{FAE04EC0-301F-11D3-BF4B-00C04F79EFBC}") = "CSCI-320-KotDT", "CSCI-320-KotDT\CSCI-320-KotDT.csproj", "{59476ECD-824B-44C9-BBED-9C550D8C27B9}"
EndProject
Global
	GlobalSection(SolutionConfigurationPlatforms) = preSolution
		Debug|Any CPU = Debug|Any CPU
		Release|Any CPU = Release|Any CPU
	EndGlobalSection
	GlobalSection(ProjectConfigurationPlatforms) = postSolution
		{59476ECD-824B-44C9-BBED-9C550D8C27B9}.Debug|Any CPU.ActiveCfg = Debug|Any CPU
		{59476ECD-824B-44C9-BBED-9C550D8C27B9}.Debug|Any CPU.Build.0 = Debug|Any CPU
		{59476ECD-824B-44C9-BBED-9C550D8C27B9}.Release|Any CPU.ActiveCfg = Release|Any CPU
		{59476ECD-824B-44C9-BBED-9C550D8C27B9}.Release|Any CPU.Build.0 = Release|Any CPU
	EndGlobalSection
	GlobalSection(SolutionProperties) = preSolution
		HideSolutionNode = FALSE
	EndGlobalSection
	GlobalSection(ExtensibilityGlobals) = postSolution
<<<<<<< Updated upstream
		SolutionGuid = {2850F051-A76B-415D-B08F-42C6B0678DD1}
=======
		SolutionGuid = {DC74BC62-ED70-4E74-9388-0520CA700CBA}
>>>>>>> Stashed changes
	EndGlobalSection
EndGlobal
